
Microsoft Visual Studio Solution File, Format Version 12.00
# Visual Studio Version 17
VisualStudioVersion = 17.14.36310.24
MinimumVisualStudioVersion = 10.0.40219.1
Project("{FAE04EC0-301F-11D3-BF4B-00C04F79EFBC}") = "Adset.Veiculos.Api", "Adset.Veiculos.Api\Adset.Veiculos.Api.csproj", "{FCB8D19D-2559-4DFF-9228-F02A18D93E68}"
EndProject
Project("{2150E333-8FDC-42A3-9474-1A3956D46DE8}") = "Itens de Solução", "Itens de Solução", "{380A7511-A354-6D7A-0CC0-8FA1F1BA7B6C}"
EndProject
Project("{FAE04EC0-301F-11D3-BF4B-00C04F79EFBC}") = "Adset.Veiculos.Aplicacao", "Adset.Veiculos.Aplicacao\Adset.Veiculos.Aplicacao.csproj", "{976F4137-6C6B-C3E6-6A22-1AE4AF54146F}"
EndProject
Project("{FAE04EC0-301F-11D3-BF4B-00C04F79EFBC}") = "Adset.Veiculos.Dominio", "Adset.Veiculos.Dominio\Adset.Veiculos.Dominio.csproj", "{5FCBC7F9-FE18-5CAD-C2FC-93F8BE93A357}"
EndProject
Project("{FAE04EC0-301F-11D3-BF4B-00C04F79EFBC}") = "Adset.Veiculos.Infraestrutura", "Adset.Veiculos.Infraestrutura\Adset.Veiculos.Infraestrutura.csproj", "{B42B9BB0-C873-2DC2-BCB5-6BB58CAC10B7}"
EndProject
Global
	GlobalSection(SolutionConfigurationPlatforms) = preSolution
		Debug|Any CPU = Debug|Any CPU
		Release|Any CPU = Release|Any CPU
	EndGlobalSection
	GlobalSection(ProjectConfigurationPlatforms) = postSolution
		{FCB8D19D-2559-4DFF-9228-F02A18D93E68}.Debug|Any CPU.ActiveCfg = Debug|Any CPU
		{FCB8D19D-2559-4DFF-9228-F02A18D93E68}.Debug|Any CPU.Build.0 = Debug|Any CPU
		{FCB8D19D-2559-4DFF-9228-F02A18D93E68}.Release|Any CPU.ActiveCfg = Release|Any CPU
		{FCB8D19D-2559-4DFF-9228-F02A18D93E68}.Release|Any CPU.Build.0 = Release|Any CPU
		{976F4137-6C6B-C3E6-6A22-1AE4AF54146F}.Debug|Any CPU.ActiveCfg = Debug|Any CPU
		{976F4137-6C6B-C3E6-6A22-1AE4AF54146F}.Debug|Any CPU.Build.0 = Debug|Any CPU
		{976F4137-6C6B-C3E6-6A22-1AE4AF54146F}.Release|Any CPU.ActiveCfg = Release|Any CPU
		{976F4137-6C6B-C3E6-6A22-1AE4AF54146F}.Release|Any CPU.Build.0 = Release|Any CPU
		{5FCBC7F9-FE18-5CAD-C2FC-93F8BE93A357}.Debug|Any CPU.ActiveCfg = Debug|Any CPU
		{5FCBC7F9-FE18-5CAD-C2FC-93F8BE93A357}.Debug|Any CPU.Build.0 = Debug|Any CPU
		{5FCBC7F9-FE18-5CAD-C2FC-93F8BE93A357}.Release|Any CPU.ActiveCfg = Release|Any CPU
		{5FCBC7F9-FE18-5CAD-C2FC-93F8BE93A357}.Release|Any CPU.Build.0 = Release|Any CPU
		{B42B9BB0-C873-2DC2-BCB5-6BB58CAC10B7}.Debug|Any CPU.ActiveCfg = Debug|Any CPU
		{B42B9BB0-C873-2DC2-BCB5-6BB58CAC10B7}.Debug|Any CPU.Build.0 = Debug|Any CPU
		{B42B9BB0-C873-2DC2-BCB5-6BB58CAC10B7}.Release|Any CPU.ActiveCfg = Release|Any CPU
		{B42B9BB0-C873-2DC2-BCB5-6BB58CAC10B7}.Release|Any CPU.Build.0 = Release|Any CPU
	EndGlobalSection
	GlobalSection(SolutionProperties) = preSolution
		HideSolutionNode = FALSE
	EndGlobalSection
	GlobalSection(ExtensibilityGlobals) = postSolution
		SolutionGuid = {21D3D473-1512-4033-9123-A708D7C08683}
	EndGlobalSection
EndGlobal
